
Microsoft Visual Studio Solution File, Format Version 12.00
# Visual Studio Version 17
VisualStudioVersion = 17.8.34511.84
MinimumVisualStudioVersion = 10.0.40219.1
Project("{FAE04EC0-301F-11D3-BF4B-00C04F79EFBC}") = "ScheduleManagement", "ScheduleManagement\ScheduleManagement.csproj", "{DEC6BA52-6E14-4FF3-905B-46AE7CA7AE43}"
EndProject
Global
	GlobalSection(SolutionConfigurationPlatforms) = preSolution
		Debug|Any CPU = Debug|Any CPU
		Release|Any CPU = Release|Any CPU
	EndGlobalSection
	GlobalSection(ProjectConfigurationPlatforms) = postSolution
		{DEC6BA52-6E14-4FF3-905B-46AE7CA7AE43}.Debug|Any CPU.ActiveCfg = Debug|Any CPU
		{DEC6BA52-6E14-4FF3-905B-46AE7CA7AE43}.Debug|Any CPU.Build.0 = Debug|Any CPU
		{DEC6BA52-6E14-4FF3-905B-46AE7CA7AE43}.Release|Any CPU.ActiveCfg = Release|Any CPU
		{DEC6BA52-6E14-4FF3-905B-46AE7CA7AE43}.Release|Any CPU.Build.0 = Release|Any CPU
	EndGlobalSection
	GlobalSection(SolutionProperties) = preSolution
		HideSolutionNode = FALSE
	EndGlobalSection
	GlobalSection(ExtensibilityGlobals) = postSolution
		SolutionGuid = {100D7B25-62F0-4995-B092-1661513BB939}
	EndGlobalSection
EndGlobal
