
Microsoft Visual Studio Solution File, Format Version 12.00
# Visual Studio Version 17
VisualStudioVersion = 17.9.34728.123
MinimumVisualStudioVersion = 10.0.40219.1
Project("{FAE04EC0-301F-11D3-BF4B-00C04F79EFBC}") = "Incasso", "Incasso\Incasso.csproj", "{CDCD7A3B-CE25-4398-A7DD-2730DE9B3F29}"
EndProject
Global
	GlobalSection(SolutionConfigurationPlatforms) = preSolution
		Debug|Any CPU = Debug|Any CPU
		Release|Any CPU = Release|Any CPU
	EndGlobalSection
	GlobalSection(ProjectConfigurationPlatforms) = postSolution
		{CDCD7A3B-CE25-4398-A7DD-2730DE9B3F29}.Debug|Any CPU.ActiveCfg = Debug|Any CPU
		{CDCD7A3B-CE25-4398-A7DD-2730DE9B3F29}.Debug|Any CPU.Build.0 = Debug|Any CPU
		{CDCD7A3B-CE25-4398-A7DD-2730DE9B3F29}.Release|Any CPU.ActiveCfg = Release|Any CPU
		{CDCD7A3B-CE25-4398-A7DD-2730DE9B3F29}.Release|Any CPU.Build.0 = Release|Any CPU
	EndGlobalSection
	GlobalSection(SolutionProperties) = preSolution
		HideSolutionNode = FALSE
	EndGlobalSection
	GlobalSection(ExtensibilityGlobals) = postSolution
		SolutionGuid = {2A1CF245-6D4B-4276-B452-8FBD240E2F12}
	EndGlobalSection
EndGlobal
