
Microsoft Visual Studio Solution File, Format Version 12.00
# Visual Studio Version 17
VisualStudioVersion = 17.9.34728.123
MinimumVisualStudioVersion = 10.0.40219.1
Project("{FAE04EC0-301F-11D3-BF4B-00C04F79EFBC}") = "PaymentManagement", "PaymentManagement\PaymentManagement.csproj", "{64AD1445-6E6B-48F0-A54B-C2AE66F04F36}"
EndProject
Global
	GlobalSection(SolutionConfigurationPlatforms) = preSolution
		Debug|Any CPU = Debug|Any CPU
		Release|Any CPU = Release|Any CPU
	EndGlobalSection
	GlobalSection(ProjectConfigurationPlatforms) = postSolution
		{64AD1445-6E6B-48F0-A54B-C2AE66F04F36}.Debug|Any CPU.ActiveCfg = Debug|Any CPU
		{64AD1445-6E6B-48F0-A54B-C2AE66F04F36}.Debug|Any CPU.Build.0 = Debug|Any CPU
		{64AD1445-6E6B-48F0-A54B-C2AE66F04F36}.Release|Any CPU.ActiveCfg = Release|Any CPU
		{64AD1445-6E6B-48F0-A54B-C2AE66F04F36}.Release|Any CPU.Build.0 = Release|Any CPU
	EndGlobalSection
	GlobalSection(SolutionProperties) = preSolution
		HideSolutionNode = FALSE
	EndGlobalSection
	GlobalSection(ExtensibilityGlobals) = postSolution
		SolutionGuid = {2323D950-F419-4FF3-98AA-BB4727E47E4F}
	EndGlobalSection
EndGlobal
